
Microsoft Visual Studio Solution File, Format Version 12.00
# Visual Studio 15
VisualStudioVersion = 15.0.28307.329
MinimumVisualStudioVersion = 10.0.40219.1
Project("{FAE04EC0-301F-11D3-BF4B-00C04F79EFBC}") = "DemoStringBuilder", "DemoStringBuilder\DemoStringBuilder.csproj", "{69160ABF-F0D6-4430-B505-82B3C481E1BA}"
EndProject
Global
	GlobalSection(SolutionConfigurationPlatforms) = preSolution
		Debug|Any CPU = Debug|Any CPU
		Release|Any CPU = Release|Any CPU
	EndGlobalSection
	GlobalSection(ProjectConfigurationPlatforms) = postSolution
		{69160ABF-F0D6-4430-B505-82B3C481E1BA}.Debug|Any CPU.ActiveCfg = Debug|Any CPU
		{69160ABF-F0D6-4430-B505-82B3C481E1BA}.Debug|Any CPU.Build.0 = Debug|Any CPU
		{69160ABF-F0D6-4430-B505-82B3C481E1BA}.Release|Any CPU.ActiveCfg = Release|Any CPU
		{69160ABF-F0D6-4430-B505-82B3C481E1BA}.Release|Any CPU.Build.0 = Release|Any CPU
	EndGlobalSection
	GlobalSection(SolutionProperties) = preSolution
		HideSolutionNode = FALSE
	EndGlobalSection
	GlobalSection(ExtensibilityGlobals) = postSolution
		SolutionGuid = {442A2CF7-FDB0-48C8-95F2-CE34A270AEC1}
	EndGlobalSection
EndGlobal
